{
  "name": "cyber-x-scape.at",
  "lockfileVersion": 2,
  "requires": true,
  "packages": {
    "": {
      "devDependencies": {
        "derver": "^0.x"
      }
    },
    "node_modules/derver": {
      "version": "0.4.17",
      "resolved": "https://registry.npmjs.org/derver/-/derver-0.4.17.tgz",
      "integrity": "sha512-KxAvTcM+QcNHNAcqq6ZVbKyoN0kdloSv2z/YJFkIj5yMmmTgpp3RiukVxVdrhc2VhyMXqboVEHOmLaJtX39DQA==",
      "dev": true,
      "bin": {
        "derver": "bin/derver"
      }
    }
  },
  "dependencies": {
    "derver": {
      "version": "0.4.17",
      "resolved": "https://registry.npmjs.org/derver/-/derver-0.4.17.tgz",
      "integrity": "sha512-KxAvTcM+QcNHNAcqq6ZVbKyoN0kdloSv2z/YJFkIj5yMmmTgpp3RiukVxVdrhc2VhyMXqboVEHOmLaJtX39DQA==",
      "dev": true
    }
  }
}
